
Microsoft Visual Studio Solution File, Format Version 12.00
# Visual Studio Version 16
VisualStudioVersion = 16.0.29613.14
MinimumVisualStudioVersion = 10.0.40219.1
Project("{FAE04EC0-301F-11D3-BF4B-00C04F79EFBC}") = "Path Tracer", "Path Tracer.csproj", "{9C050510-E361-4371-91C2-238F71EBC66D}"
EndProject
Global
	GlobalSection(SolutionConfigurationPlatforms) = preSolution
		Debug|Any CPU = Debug|Any CPU
		Release|Any CPU = Release|Any CPU
	EndGlobalSection
	GlobalSection(ProjectConfigurationPlatforms) = postSolution
		{9C050510-E361-4371-91C2-238F71EBC66D}.Debug|Any CPU.ActiveCfg = Debug|Any CPU
		{9C050510-E361-4371-91C2-238F71EBC66D}.Debug|Any CPU.Build.0 = Debug|Any CPU
		{9C050510-E361-4371-91C2-238F71EBC66D}.Release|Any CPU.ActiveCfg = Release|Any CPU
		{9C050510-E361-4371-91C2-238F71EBC66D}.Release|Any CPU.Build.0 = Release|Any CPU
	EndGlobalSection
	GlobalSection(SolutionProperties) = preSolution
		HideSolutionNode = FALSE
	EndGlobalSection
	GlobalSection(ExtensibilityGlobals) = postSolution
		SolutionGuid = {C92C540D-3C84-4B60-BE59-F7BD0A01B435}
	EndGlobalSection
EndGlobal
